
Microsoft Visual Studio Solution File, Format Version 12.00
# Visual Studio 14
VisualStudioVersion = 14.0.23107.0
MinimumVisualStudioVersion = 10.0.40219.1
Project("{F2A71F9B-5D33-465A-A702-920D77279786}") = "Zensible.Application", "Zensible.Application\Zensible.Application.fsproj", "{9815E705-1A37-4482-A210-56340DC24112}"
EndProject
Global
	GlobalSection(SolutionConfigurationPlatforms) = preSolution
		Debug|Any CPU = Debug|Any CPU
		Release|Any CPU = Release|Any CPU
	EndGlobalSection
	GlobalSection(ProjectConfigurationPlatforms) = postSolution
		{9815E705-1A37-4482-A210-56340DC24112}.Debug|Any CPU.ActiveCfg = Debug|Any CPU
		{9815E705-1A37-4482-A210-56340DC24112}.Debug|Any CPU.Build.0 = Debug|Any CPU
		{9815E705-1A37-4482-A210-56340DC24112}.Release|Any CPU.ActiveCfg = Release|Any CPU
		{9815E705-1A37-4482-A210-56340DC24112}.Release|Any CPU.Build.0 = Release|Any CPU
	EndGlobalSection
	GlobalSection(SolutionProperties) = preSolution
		HideSolutionNode = FALSE
	EndGlobalSection
EndGlobal
